// !$*UTF8*$!
{
	archiveVersion = 1;
	classes = {
	};
	objectVersion = 46;
	objects = {

/* Begin PBXBuildFile section */
		BF2118441DF488DF00FF863D /* EventSubscribableTests.swift in Sources */ = {isa = PBXBuildFile; fileRef = BF2118431DF488DF00FF863D /* EventSubscribableTests.swift */; };
		BF2118581DF5772800FF863D /* AppDelegate.swift in Sources */ = {isa = PBXBuildFile; fileRef = BF2118571DF5772800FF863D /* AppDelegate.swift */; };
		BF21185A1DF5772800FF863D /* ViewController.swift in Sources */ = {isa = PBXBuildFile; fileRef = BF2118591DF5772800FF863D /* ViewController.swift */; };
		BF21185D1DF5772800FF863D /* Main.storyboard in Resources */ = {isa = PBXBuildFile; fileRef = BF21185B1DF5772800FF863D /* Main.storyboard */; };
		BF21185F1DF5772800FF863D /* Assets.xcassets in Resources */ = {isa = PBXBuildFile; fileRef = BF21185E1DF5772800FF863D /* Assets.xcassets */; };
		BF2118621DF5772800FF863D /* LaunchScreen.storyboard in Resources */ = {isa = PBXBuildFile; fileRef = BF2118601DF5772800FF863D /* LaunchScreen.storyboard */; };
		BF4B82471F41AD21009A317D /* EventBus.swift in Sources */ = {isa = PBXBuildFile; fileRef = BF21184F1DF488F800FF863D /* EventBus.swift */; };
		BF851B801F5D80570042DD59 /* libEventBus.a in Frameworks */ = {isa = PBXBuildFile; fileRef = BF4B823E1F41ACC1009A317D /* libEventBus.a */; };
		BF851B821F5D94B00042DD59 /* EventNotifiableTests.swift in Sources */ = {isa = PBXBuildFile; fileRef = BF851B811F5D94B00042DD59 /* EventNotifiableTests.swift */; };
		BF9142E41DF57F4300040556 /* EventBus.framework in Frameworks */ = {isa = PBXBuildFile; fileRef = BF2118351DF488DF00FF863D /* EventBus.framework */; };
		BF9142E51DF57F4300040556 /* EventBus.framework in Embed Frameworks */ = {isa = PBXBuildFile; fileRef = BF2118351DF488DF00FF863D /* EventBus.framework */; settings = {ATTRIBUTES = (CodeSignOnCopy, RemoveHeadersOnCopy, ); }; };
		BF9858582138335E0033C15D /* NSLocking+Extensions.swift in Sources */ = {isa = PBXBuildFile; fileRef = BF9858572138335E0033C15D /* NSLocking+Extensions.swift */; };
		BF985859213835110033C15D /* NSLocking+Extensions.swift in Sources */ = {isa = PBXBuildFile; fileRef = BF9858572138335E0033C15D /* NSLocking+Extensions.swift */; };
		BFBBACF32121CE88001F96DD /* EventRegistrable.swift in Sources */ = {isa = PBXBuildFile; fileRef = BFBBACF22121CE88001F96DD /* EventRegistrable.swift */; };
		BFBBACF52121CED7001F96DD /* EventSubscribable.swift in Sources */ = {isa = PBXBuildFile; fileRef = BFBBACF42121CED7001F96DD /* EventSubscribable.swift */; };
		BFBBACF72121CEE6001F96DD /* EventChainable.swift in Sources */ = {isa = PBXBuildFile; fileRef = BFBBACF62121CEE6001F96DD /* EventChainable.swift */; };
		BFBBACF92121CEF6001F96DD /* EventNotifiable.swift in Sources */ = {isa = PBXBuildFile; fileRef = BFBBACF82121CEF6001F96DD /* EventNotifiable.swift */; };
		BFBBACFB2121CF03001F96DD /* Options.swift in Sources */ = {isa = PBXBuildFile; fileRef = BFBBACFA2121CF03001F96DD /* Options.swift */; };
		BFBBACFD2121CF0E001F96DD /* ErrorHandler.swift in Sources */ = {isa = PBXBuildFile; fileRef = BFBBACFC2121CF0E001F96DD /* ErrorHandler.swift */; };
		BFBBACFF2121CF27001F96DD /* LogHandler.swift in Sources */ = {isa = PBXBuildFile; fileRef = BFBBACFE2121CF27001F96DD /* LogHandler.swift */; };
		BFBBAD012121CF3C001F96DD /* Errors.swift in Sources */ = {isa = PBXBuildFile; fileRef = BFBBAD002121CF3C001F96DD /* Errors.swift */; };
		BFBBAD022121D091001F96DD /* EventRegistrable.swift in Sources */ = {isa = PBXBuildFile; fileRef = BFBBACF22121CE88001F96DD /* EventRegistrable.swift */; };
		BFBBAD032121D091001F96DD /* EventSubscribable.swift in Sources */ = {isa = PBXBuildFile; fileRef = BFBBACF42121CED7001F96DD /* EventSubscribable.swift */; };
		BFBBAD042121D091001F96DD /* EventChainable.swift in Sources */ = {isa = PBXBuildFile; fileRef = BFBBACF62121CEE6001F96DD /* EventChainable.swift */; };
		BFBBAD052121D091001F96DD /* EventNotifiable.swift in Sources */ = {isa = PBXBuildFile; fileRef = BFBBACF82121CEF6001F96DD /* EventNotifiable.swift */; };
		BFBBAD062121D091001F96DD /* Options.swift in Sources */ = {isa = PBXBuildFile; fileRef = BFBBACFA2121CF03001F96DD /* Options.swift */; };
		BFBBAD072121D091001F96DD /* ErrorHandler.swift in Sources */ = {isa = PBXBuildFile; fileRef = BFBBACFC2121CF0E001F96DD /* ErrorHandler.swift */; };
		BFBBAD082121D091001F96DD /* LogHandler.swift in Sources */ = {isa = PBXBuildFile; fileRef = BFBBACFE2121CF27001F96DD /* LogHandler.swift */; };
		BFBBAD092121D091001F96DD /* Errors.swift in Sources */ = {isa = PBXBuildFile; fileRef = BFBBAD002121CF3C001F96DD /* Errors.swift */; };
		BFF704081F5D976A00DFF413 /* EventBus.swift in Sources */ = {isa = PBXBuildFile; fileRef = BF21184F1DF488F800FF863D /* EventBus.swift */; };
		BFF7040A1F5D97F100DFF413 /* EventChainableTests.swift in Sources */ = {isa = PBXBuildFile; fileRef = BFF704091F5D97F100DFF413 /* EventChainableTests.swift */; };
		BFF7040C1F5D981100DFF413 /* Utilities.swift in Sources */ = {isa = PBXBuildFile; fileRef = BFF7040B1F5D981100DFF413 /* Utilities.swift */; };
/* End PBXBuildFile section */

/* Begin PBXContainerItemProxy section */
		BF2118401DF488DF00FF863D /* PBXContainerItemProxy */ = {
			isa = PBXContainerItemProxy;
			containerPortal = BF21182C1DF488DF00FF863D /* Project object */;
			proxyType = 1;
			remoteGlobalIDString = BF2118341DF488DF00FF863D;
			remoteInfo = EventBus;
		};
		BF9142E61DF57F4300040556 /* PBXContainerItemProxy */ = {
			isa = PBXContainerItemProxy;
			containerPortal = BF21182C1DF488DF00FF863D /* Project object */;
			proxyType = 1;
			remoteGlobalIDString = BF2118341DF488DF00FF863D;
			remoteInfo = EventBus;
		};
/* End PBXContainerItemProxy section */

/* Begin PBXCopyFilesBuildPhase section */
		BF4B823C1F41ACC1009A317D /* CopyFiles */ = {
			isa = PBXCopyFilesBuildPhase;
			buildActionMask = 2147483647;
			dstPath = "include/$(PRODUCT_NAME)";
			dstSubfolderSpec = 16;
			files = (
			);
			runOnlyForDeploymentPostprocessing = 0;
		};
		BF9142E81DF57F4300040556 /* Embed Frameworks */ = {
			isa = PBXCopyFilesBuildPhase;
			buildActionMask = 2147483647;
			dstPath = "";
			dstSubfolderSpec = 10;
			files = (
				BF9142E51DF57F4300040556 /* EventBus.framework in Embed Frameworks */,
			);
			name = "Embed Frameworks";
			runOnlyForDeploymentPostprocessing = 0;
		};
/* End PBXCopyFilesBuildPhase section */

/* Begin PBXFileReference section */
		BF2118351DF488DF00FF863D /* EventBus.framework */ = {isa = PBXFileReference; explicitFileType = wrapper.framework; includeInIndex = 0; path = EventBus.framework; sourceTree = BUILT_PRODUCTS_DIR; };
		BF2118391DF488DF00FF863D /* Info.plist */ = {isa = PBXFileReference; lastKnownFileType = text.plist.xml; path = Info.plist; sourceTree = "<group>"; };
		BF21183E1DF488DF00FF863D /* EventBusTests.xctest */ = {isa = PBXFileReference; explicitFileType = wrapper.cfbundle; includeInIndex = 0; path = EventBusTests.xctest; sourceTree = BUILT_PRODUCTS_DIR; };
		BF2118431DF488DF00FF863D /* EventSubscribableTests.swift */ = {isa = PBXFileReference; lastKnownFileType = sourcecode.swift; path = EventSubscribableTests.swift; sourceTree = "<group>"; };
		BF2118451DF488DF00FF863D /* Info.plist */ = {isa = PBXFileReference; lastKnownFileType = text.plist.xml; path = Info.plist; sourceTree = "<group>"; };
		BF21184F1DF488F800FF863D /* EventBus.swift */ = {isa = PBXFileReference; fileEncoding = 4; lastKnownFileType = sourcecode.swift; path = EventBus.swift; sourceTree = "<group>"; };
		BF2118551DF5772800FF863D /* EventBus iOS.app */ = {isa = PBXFileReference; explicitFileType = wrapper.application; includeInIndex = 0; path = "EventBus iOS.app"; sourceTree = BUILT_PRODUCTS_DIR; };
		BF2118571DF5772800FF863D /* AppDelegate.swift */ = {isa = PBXFileReference; lastKnownFileType = sourcecode.swift; path = AppDelegate.swift; sourceTree = "<group>"; };
		BF2118591DF5772800FF863D /* ViewController.swift */ = {isa = PBXFileReference; lastKnownFileType = sourcecode.swift; path = ViewController.swift; sourceTree = "<group>"; };
		BF21185C1DF5772800FF863D /* Base */ = {isa = PBXFileReference; lastKnownFileType = file.storyboard; name = Base; path = Base.lproj/Main.storyboard; sourceTree = "<group>"; };
		BF21185E1DF5772800FF863D /* Assets.xcassets */ = {isa = PBXFileReference; lastKnownFileType = folder.assetcatalog; path = Assets.xcassets; sourceTree = "<group>"; };
		BF2118611DF5772800FF863D /* Base */ = {isa = PBXFileReference; lastKnownFileType = file.storyboard; name = Base; path = Base.lproj/LaunchScreen.storyboard; sourceTree = "<group>"; };
		BF2118631DF5772800FF863D /* Info.plist */ = {isa = PBXFileReference; lastKnownFileType = text.plist.xml; path = Info.plist; sourceTree = "<group>"; };
		BF4B823E1F41ACC1009A317D /* libEventBus.a */ = {isa = PBXFileReference; explicitFileType = archive.ar; includeInIndex = 0; path = libEventBus.a; sourceTree = BUILT_PRODUCTS_DIR; };
		BF851B811F5D94B00042DD59 /* EventNotifiableTests.swift */ = {isa = PBXFileReference; lastKnownFileType = sourcecode.swift; path = EventNotifiableTests.swift; sourceTree = "<group>"; };
		BF9858572138335E0033C15D /* NSLocking+Extensions.swift */ = {isa = PBXFileReference; lastKnownFileType = sourcecode.swift; path = "NSLocking+Extensions.swift"; sourceTree = "<group>"; };
		BFBBACF22121CE88001F96DD /* EventRegistrable.swift */ = {isa = PBXFileReference; lastKnownFileType = sourcecode.swift; path = EventRegistrable.swift; sourceTree = "<group>"; };
		BFBBACF42121CED7001F96DD /* EventSubscribable.swift */ = {isa = PBXFileReference; lastKnownFileType = sourcecode.swift; path = EventSubscribable.swift; sourceTree = "<group>"; };
		BFBBACF62121CEE6001F96DD /* EventChainable.swift */ = {isa = PBXFileReference; lastKnownFileType = sourcecode.swift; path = EventChainable.swift; sourceTree = "<group>"; };
		BFBBACF82121CEF6001F96DD /* EventNotifiable.swift */ = {isa = PBXFileReference; lastKnownFileType = sourcecode.swift; path = EventNotifiable.swift; sourceTree = "<group>"; };
		BFBBACFA2121CF03001F96DD /* Options.swift */ = {isa = PBXFileReference; lastKnownFileType = sourcecode.swift; path = Options.swift; sourceTree = "<group>"; };
		BFBBACFC2121CF0E001F96DD /* ErrorHandler.swift */ = {isa = PBXFileReference; lastKnownFileType = sourcecode.swift; path = ErrorHandler.swift; sourceTree = "<group>"; };
		BFBBACFE2121CF27001F96DD /* LogHandler.swift */ = {isa = PBXFileReference; lastKnownFileType = sourcecode.swift; path = LogHandler.swift; sourceTree = "<group>"; };
		BFBBAD002121CF3C001F96DD /* Errors.swift */ = {isa = PBXFileReference; lastKnownFileType = sourcecode.swift; path = Errors.swift; sourceTree = "<group>"; };
		BFE7A7551E64B89600F51068 /* Universal.xcconfig */ = {isa = PBXFileReference; fileEncoding = 4; lastKnownFileType = text.xcconfig; path = Universal.xcconfig; sourceTree = "<group>"; };
		BFF704091F5D97F100DFF413 /* EventChainableTests.swift */ = {isa = PBXFileReference; lastKnownFileType = sourcecode.swift; path = EventChainableTests.swift; sourceTree = "<group>"; };
		BFF7040B1F5D981100DFF413 /* Utilities.swift */ = {isa = PBXFileReference; lastKnownFileType = sourcecode.swift; path = Utilities.swift; sourceTree = "<group>"; };
/* End PBXFileReference section */

/* Begin PBXFrameworksBuildPhase section */
		BF2118311DF488DF00FF863D /* Frameworks */ = {
			isa = PBXFrameworksBuildPhase;
			buildActionMask = 2147483647;
			files = (
			);
			runOnlyForDeploymentPostprocessing = 0;
		};
		BF21183B1DF488DF00FF863D /* Frameworks */ = {
			isa = PBXFrameworksBuildPhase;
			buildActionMask = 2147483647;
			files = (
				BF851B801F5D80570042DD59 /* libEventBus.a in Frameworks */,
			);
			runOnlyForDeploymentPostprocessing = 0;
		};
		BF2118521DF5772800FF863D /* Frameworks */ = {
			isa = PBXFrameworksBuildPhase;
			buildActionMask = 2147483647;
			files = (
				BF9142E41DF57F4300040556 /* EventBus.framework in Frameworks */,
			);
			runOnlyForDeploymentPostprocessing = 0;
		};
		BF4B823B1F41ACC1009A317D /* Frameworks */ = {
			isa = PBXFrameworksBuildPhase;
			buildActionMask = 2147483647;
			files = (
			);
			runOnlyForDeploymentPostprocessing = 0;
		};
/* End PBXFrameworksBuildPhase section */

/* Begin PBXGroup section */
		BF21182B1DF488DF00FF863D = {
			isa = PBXGroup;
			children = (
				BF2118371DF488DF00FF863D /* EventBus */,
				BF2118421DF488DF00FF863D /* EventBusTests */,
				BF2118561DF5772800FF863D /* EventBus iOS */,
				BFE7A7541E64B89500F51068 /* Configs */,
				BF2118361DF488DF00FF863D /* Products */,
				BF851B7E1F5D6D240042DD59 /* Frameworks */,
			);
			sourceTree = "<group>";
		};
		BF2118361DF488DF00FF863D /* Products */ = {
			isa = PBXGroup;
			children = (
				BF2118351DF488DF00FF863D /* EventBus.framework */,
				BF21183E1DF488DF00FF863D /* EventBusTests.xctest */,
				BF2118551DF5772800FF863D /* EventBus iOS.app */,
				BF4B823E1F41ACC1009A317D /* libEventBus.a */,
			);
			name = Products;
			sourceTree = "<group>";
		};
		BF2118371DF488DF00FF863D /* EventBus */ = {
			isa = PBXGroup;
			children = (
				BF21184F1DF488F800FF863D /* EventBus.swift */,
				BFBBACF22121CE88001F96DD /* EventRegistrable.swift */,
				BFBBACF42121CED7001F96DD /* EventSubscribable.swift */,
				BFBBACF62121CEE6001F96DD /* EventChainable.swift */,
				BFBBACF82121CEF6001F96DD /* EventNotifiable.swift */,
				BFBBACFA2121CF03001F96DD /* Options.swift */,
				BFBBACFC2121CF0E001F96DD /* ErrorHandler.swift */,
				BFBBACFE2121CF27001F96DD /* LogHandler.swift */,
				BFBBAD002121CF3C001F96DD /* Errors.swift */,
				BF9858572138335E0033C15D /* NSLocking+Extensions.swift */,
				BF2118391DF488DF00FF863D /* Info.plist */,
			);
			path = EventBus;
			sourceTree = "<group>";
		};
		BF2118421DF488DF00FF863D /* EventBusTests */ = {
			isa = PBXGroup;
			children = (
				BFF7040B1F5D981100DFF413 /* Utilities.swift */,
				BF2118431DF488DF00FF863D /* EventSubscribableTests.swift */,
				BF851B811F5D94B00042DD59 /* EventNotifiableTests.swift */,
				BFF704091F5D97F100DFF413 /* EventChainableTests.swift */,
				BF2118451DF488DF00FF863D /* Info.plist */,
			);
			path = EventBusTests;
			sourceTree = "<group>";
		};
		BF2118561DF5772800FF863D /* EventBus iOS */ = {
			isa = PBXGroup;
			children = (
				BF2118571DF5772800FF863D /* AppDelegate.swift */,
				BF2118591DF5772800FF863D /* ViewController.swift */,
				BF21185B1DF5772800FF863D /* Main.storyboard */,
				BF21185E1DF5772800FF863D /* Assets.xcassets */,
				BF2118601DF5772800FF863D /* LaunchScreen.storyboard */,
				BF2118631DF5772800FF863D /* Info.plist */,
			);
			path = "EventBus iOS";
			sourceTree = "<group>";
		};
		BF851B7E1F5D6D240042DD59 /* Frameworks */ = {
			isa = PBXGroup;
			children = (
			);
			name = Frameworks;
			sourceTree = "<group>";
		};
		BFE7A7541E64B89500F51068 /* Configs */ = {
			isa = PBXGroup;
			children = (
				BFE7A7551E64B89600F51068 /* Universal.xcconfig */,
			);
			name = Configs;
			path = EventBus.xcodeproj/Configs;
			sourceTree = "<group>";
		};
/* End PBXGroup section */

/* Begin PBXHeadersBuildPhase section */
		BF2118321DF488DF00FF863D /* Headers */ = {
			isa = PBXHeadersBuildPhase;
			buildActionMask = 2147483647;
			files = (
			);
			runOnlyForDeploymentPostprocessing = 0;
		};
/* End PBXHeadersBuildPhase section */

/* Begin PBXNativeTarget section */
		BF2118341DF488DF00FF863D /* EventBus (Framework) */ = {
			isa = PBXNativeTarget;
			buildConfigurationList = BF2118491DF488DF00FF863D /* Build configuration list for PBXNativeTarget "EventBus (Framework)" */;
			buildPhases = (
				BF2118301DF488DF00FF863D /* Sources */,
				BF2118311DF488DF00FF863D /* Frameworks */,
				BF2118321DF488DF00FF863D /* Headers */,
				BF2118331DF488DF00FF863D /* Resources */,
			);
			buildRules = (
			);
			dependencies = (
			);
			name = "EventBus (Framework)";
			productName = EventBus;
			productReference = BF2118351DF488DF00FF863D /* EventBus.framework */;
			productType = "com.apple.product-type.framework";
		};
		BF21183D1DF488DF00FF863D /* EventBusTests */ = {
			isa = PBXNativeTarget;
			buildConfigurationList = BF21184C1DF488DF00FF863D /* Build configuration list for PBXNativeTarget "EventBusTests" */;
			buildPhases = (
				BF21183A1DF488DF00FF863D /* Sources */,
				BF21183B1DF488DF00FF863D /* Frameworks */,
				BF21183C1DF488DF00FF863D /* Resources */,
			);
			buildRules = (
			);
			dependencies = (
				BF2118411DF488DF00FF863D /* PBXTargetDependency */,
			);
			name = EventBusTests;
			productName = EventBusTests;
			productReference = BF21183E1DF488DF00FF863D /* EventBusTests.xctest */;
			productType = "com.apple.product-type.bundle.unit-test";
		};
		BF2118541DF5772800FF863D /* EventBus iOS */ = {
			isa = PBXNativeTarget;
			buildConfigurationList = BF2118661DF5772800FF863D /* Build configuration list for PBXNativeTarget "EventBus iOS" */;
			buildPhases = (
				BF2118511DF5772800FF863D /* Sources */,
				BF2118521DF5772800FF863D /* Frameworks */,
				BF2118531DF5772800FF863D /* Resources */,
				BF9142E81DF57F4300040556 /* Embed Frameworks */,
			);
			buildRules = (
			);
			dependencies = (
				BF9142E71DF57F4300040556 /* PBXTargetDependency */,
			);
			name = "EventBus iOS";
			productName = "EventBus iOS";
			productReference = BF2118551DF5772800FF863D /* EventBus iOS.app */;
			productType = "com.apple.product-type.application";
		};
		BF4B823D1F41ACC1009A317D /* EventBus (Static Library) */ = {
			isa = PBXNativeTarget;
			buildConfigurationList = BF4B82461F41ACC1009A317D /* Build configuration list for PBXNativeTarget "EventBus (Static Library)" */;
			buildPhases = (
				BF4B823A1F41ACC1009A317D /* Sources */,
				BF4B823B1F41ACC1009A317D /* Frameworks */,
				BF4B823C1F41ACC1009A317D /* CopyFiles */,
			);
			buildRules = (
			);
			dependencies = (
			);
			name = "EventBus (Static Library)";
			productName = "EventBus (Static)";
			productReference = BF4B823E1F41ACC1009A317D /* libEventBus.a */;
			productType = "com.apple.product-type.library.static";
		};
/* End PBXNativeTarget section */

/* Begin PBXProject section */
		BF21182C1DF488DF00FF863D /* Project object */ = {
			isa = PBXProject;
			attributes = {
				LastSwiftUpdateCheck = 0820;
				LastUpgradeCheck = 0930;
				ORGANIZATIONNAME = "Vincent Esche";
				TargetAttributes = {
					BF2118341DF488DF00FF863D = {
						CreatedOnToolsVersion = 8.2;
						DevelopmentTeam = GSGGFU6A2H;
						LastSwiftMigration = 0820;
						ProvisioningStyle = Manual;
					};
					BF21183D1DF488DF00FF863D = {
						CreatedOnToolsVersion = 8.2;
						DevelopmentTeam = GSGGFU6A2H;
						ProvisioningStyle = Automatic;
					};
					BF2118541DF5772800FF863D = {
						CreatedOnToolsVersion = 8.2;
						DevelopmentTeam = GSGGFU6A2H;
						ProvisioningStyle = Automatic;
					};
					BF4B823D1F41ACC1009A317D = {
						CreatedOnToolsVersion = 9.0;
						DevelopmentTeam = GSGGFU6A2H;
					};
				};
			};
			buildConfigurationList = BF21182F1DF488DF00FF863D /* Build configuration list for PBXProject "EventBus" */;
			compatibilityVersion = "Xcode 3.2";
			developmentRegion = English;
			hasScannedForEncodings = 0;
			knownRegions = (
				en,
				Base,
			);
			mainGroup = BF21182B1DF488DF00FF863D;
			productRefGroup = BF2118361DF488DF00FF863D /* Products */;
			projectDirPath = "";
			projectRoot = "";
			targets = (
				BF2118341DF488DF00FF863D /* EventBus (Framework) */,
				BF4B823D1F41ACC1009A317D /* EventBus (Static Library) */,
				BF21183D1DF488DF00FF863D /* EventBusTests */,
				BF2118541DF5772800FF863D /* EventBus iOS */,
			);
		};
/* End PBXProject section */

/* Begin PBXResourcesBuildPhase section */
		BF2118331DF488DF00FF863D /* Resources */ = {
			isa = PBXResourcesBuildPhase;
			buildActionMask = 2147483647;
			files = (
			);
			runOnlyForDeploymentPostprocessing = 0;
		};
		BF21183C1DF488DF00FF863D /* Resources */ = {
			isa = PBXResourcesBuildPhase;
			buildActionMask = 2147483647;
			files = (
			);
			runOnlyForDeploymentPostprocessing = 0;
		};
		BF2118531DF5772800FF863D /* Resources */ = {
			isa = PBXResourcesBuildPhase;
			buildActionMask = 2147483647;
			files = (
				BF2118621DF5772800FF863D /* LaunchScreen.storyboard in Resources */,
				BF21185F1DF5772800FF863D /* Assets.xcassets in Resources */,
				BF21185D1DF5772800FF863D /* Main.storyboard in Resources */,
			);
			runOnlyForDeploymentPostprocessing = 0;
		};
/* End PBXResourcesBuildPhase section */

/* Begin PBXSourcesBuildPhase section */
		BF2118301DF488DF00FF863D /* Sources */ = {
			isa = PBXSourcesBuildPhase;
			buildActionMask = 2147483647;
			files = (
				BFBBACF72121CEE6001F96DD /* EventChainable.swift in Sources */,
				BFBBACFD2121CF0E001F96DD /* ErrorHandler.swift in Sources */,
				BF9858582138335E0033C15D /* NSLocking+Extensions.swift in Sources */,
				BFBBACF92121CEF6001F96DD /* EventNotifiable.swift in Sources */,
				BFBBACFF2121CF27001F96DD /* LogHandler.swift in Sources */,
				BFF704081F5D976A00DFF413 /* EventBus.swift in Sources */,
				BFBBACF32121CE88001F96DD /* EventRegistrable.swift in Sources */,
				BFBBACFB2121CF03001F96DD /* Options.swift in Sources */,
				BFBBAD012121CF3C001F96DD /* Errors.swift in Sources */,
				BFBBACF52121CED7001F96DD /* EventSubscribable.swift in Sources */,
			);
			runOnlyForDeploymentPostprocessing = 0;
		};
		BF21183A1DF488DF00FF863D /* Sources */ = {
			isa = PBXSourcesBuildPhase;
			buildActionMask = 2147483647;
			files = (
				BF2118441DF488DF00FF863D /* EventSubscribableTests.swift in Sources */,
				BF851B821F5D94B00042DD59 /* EventNotifiableTests.swift in Sources */,
				BFF7040C1F5D981100DFF413 /* Utilities.swift in Sources */,
				BFF7040A1F5D97F100DFF413 /* EventChainableTests.swift in Sources */,
			);
			runOnlyForDeploymentPostprocessing = 0;
		};
		BF2118511DF5772800FF863D /* Sources */ = {
			isa = PBXSourcesBuildPhase;
			buildActionMask = 2147483647;
			files = (
				BF21185A1DF5772800FF863D /* ViewController.swift in Sources */,
				BF2118581DF5772800FF863D /* AppDelegate.swift in Sources */,
			);
			runOnlyForDeploymentPostprocessing = 0;
		};
		BF4B823A1F41ACC1009A317D /* Sources */ = {
			isa = PBXSourcesBuildPhase;
			buildActionMask = 2147483647;
			files = (
				BFBBAD042121D091001F96DD /* EventChainable.swift in Sources */,
				BFBBAD072121D091001F96DD /* ErrorHandler.swift in Sources */,
				BFBBAD052121D091001F96DD /* EventNotifiable.swift in Sources */,
				BFBBAD082121D091001F96DD /* LogHandler.swift in Sources */,
				BF985859213835110033C15D /* NSLocking+Extensions.swift in Sources */,
				BF4B82471F41AD21009A317D /* EventBus.swift in Sources */,
				BFBBAD022121D091001F96DD /* EventRegistrable.swift in Sources */,
				BFBBAD062121D091001F96DD /* Options.swift in Sources */,
				BFBBAD092121D091001F96DD /* Errors.swift in Sources */,
				BFBBAD032121D091001F96DD /* EventSubscribable.swift in Sources */,
			);
			runOnlyForDeploymentPostprocessing = 0;
		};
/* End PBXSourcesBuildPhase section */

/* Begin PBXTargetDependency section */
		BF2118411DF488DF00FF863D /* PBXTargetDependency */ = {
			isa = PBXTargetDependency;
			target = BF2118341DF488DF00FF863D /* EventBus (Framework) */;
			targetProxy = BF2118401DF488DF00FF863D /* PBXContainerItemProxy */;
		};
		BF9142E71DF57F4300040556 /* PBXTargetDependency */ = {
			isa = PBXTargetDependency;
			target = BF2118341DF488DF00FF863D /* EventBus (Framework) */;
			targetProxy = BF9142E61DF57F4300040556 /* PBXContainerItemProxy */;
		};
/* End PBXTargetDependency section */

/* Begin PBXVariantGroup section */
		BF21185B1DF5772800FF863D /* Main.storyboard */ = {
			isa = PBXVariantGroup;
			children = (
				BF21185C1DF5772800FF863D /* Base */,
			);
			name = Main.storyboard;
			sourceTree = "<group>";
		};
		BF2118601DF5772800FF863D /* LaunchScreen.storyboard */ = {
			isa = PBXVariantGroup;
			children = (
				BF2118611DF5772800FF863D /* Base */,
			);
			name = LaunchScreen.storyboard;
			sourceTree = "<group>";
		};
/* End PBXVariantGroup section */

/* Begin XCBuildConfiguration section */
		BF2118471DF488DF00FF863D /* Debug */ = {
			isa = XCBuildConfiguration;
			buildSettings = {
				ALWAYS_SEARCH_USER_PATHS = NO;
				CLANG_ANALYZER_NONNULL = YES;
				CLANG_CXX_LANGUAGE_STANDARD = "gnu++0x";
				CLANG_CXX_LIBRARY = "libc++";
				CLANG_ENABLE_MODULES = YES;
				CLANG_ENABLE_OBJC_ARC = YES;
				CLANG_WARN_BLOCK_CAPTURE_AUTORELEASING = YES;
				CLANG_WARN_BOOL_CONVERSION = YES;
				CLANG_WARN_COMMA = YES;
				CLANG_WARN_CONSTANT_CONVERSION = YES;
				CLANG_WARN_DEPRECATED_OBJC_IMPLEMENTATIONS = YES;
				CLANG_WARN_DIRECT_OBJC_ISA_USAGE = YES_ERROR;
				CLANG_WARN_DOCUMENTATION_COMMENTS = YES;
				CLANG_WARN_EMPTY_BODY = YES;
				CLANG_WARN_ENUM_CONVERSION = YES;
				CLANG_WARN_INFINITE_RECURSION = YES;
				CLANG_WARN_INT_CONVERSION = YES;
				CLANG_WARN_NON_LITERAL_NULL_CONVERSION = YES;
				CLANG_WARN_OBJC_IMPLICIT_RETAIN_SELF = YES;
				CLANG_WARN_OBJC_LITERAL_CONVERSION = YES;
				CLANG_WARN_OBJC_ROOT_CLASS = YES_ERROR;
				CLANG_WARN_RANGE_LOOP_ANALYSIS = YES;
				CLANG_WARN_STRICT_PROTOTYPES = YES;
				CLANG_WARN_SUSPICIOUS_MOVE = YES;
				CLANG_WARN_UNREACHABLE_CODE = YES;
				CLANG_WARN__DUPLICATE_METHOD_MATCH = YES;
				COPY_PHASE_STRIP = NO;
				CURRENT_PROJECT_VERSION = 1;
				DEBUG_INFORMATION_FORMAT = dwarf;
				DEVELOPMENT_TEAM = GSGGFU6A2H;
				ENABLE_STRICT_OBJC_MSGSEND = YES;
				ENABLE_TESTABILITY = YES;
				GCC_C_LANGUAGE_STANDARD = gnu99;
				GCC_DYNAMIC_NO_PIC = NO;
				GCC_NO_COMMON_BLOCKS = YES;
				GCC_OPTIMIZATION_LEVEL = 0;
				GCC_PREPROCESSOR_DEFINITIONS = (
					"DEBUG=1",
					"$(inherited)",
				);
				GCC_WARN_64_TO_32_BIT_CONVERSION = YES;
				GCC_WARN_ABOUT_RETURN_TYPE = YES_ERROR;
				GCC_WARN_UNDECLARED_SELECTOR = YES;
				GCC_WARN_UNINITIALIZED_AUTOS = YES_AGGRESSIVE;
				GCC_WARN_UNUSED_FUNCTION = YES;
				GCC_WARN_UNUSED_VARIABLE = YES;
				MTL_ENABLE_DEBUG_INFO = YES;
				ONLY_ACTIVE_ARCH = YES;
				SDKROOT = iphoneos;
				SWIFT_ACTIVE_COMPILATION_CONDITIONS = DEBUG;
				SWIFT_OPTIMIZATION_LEVEL = "-Onone";
				SWIFT_VERSION = 4.0;
				VERSIONING_SYSTEM = "apple-generic";
				VERSION_INFO_PREFIX = "";
			};
			name = Debug;
		};
		BF2118481DF488DF00FF863D /* Release */ = {
			isa = XCBuildConfiguration;
			buildSettings = {
				ALWAYS_SEARCH_USER_PATHS = NO;
				CLANG_ANALYZER_NONNULL = YES;
				CLANG_CXX_LANGUAGE_STANDARD = "gnu++0x";
				CLANG_CXX_LIBRARY = "libc++";
				CLANG_ENABLE_MODULES = YES;
				CLANG_ENABLE_OBJC_ARC = YES;
				CLANG_WARN_BLOCK_CAPTURE_AUTORELEASING = YES;
				CLANG_WARN_BOOL_CONVERSION = YES;
				CLANG_WARN_COMMA = YES;
				CLANG_WARN_CONSTANT_CONVERSION = YES;
				CLANG_WARN_DEPRECATED_OBJC_IMPLEMENTATIONS = YES;
				CLANG_WARN_DIRECT_OBJC_ISA_USAGE = YES_ERROR;
				CLANG_WARN_DOCUMENTATION_COMMENTS = YES;
				CLANG_WARN_EMPTY_BODY = YES;
				CLANG_WARN_ENUM_CONVERSION = YES;
				CLANG_WARN_INFINITE_RECURSION = YES;
				CLANG_WARN_INT_CONVERSION = YES;
				CLANG_WARN_NON_LITERAL_NULL_CONVERSION = YES;
				CLANG_WARN_OBJC_IMPLICIT_RETAIN_SELF = YES;
				CLANG_WARN_OBJC_LITERAL_CONVERSION = YES;
				CLANG_WARN_OBJC_ROOT_CLASS = YES_ERROR;
				CLANG_WARN_RANGE_LOOP_ANALYSIS = YES;
				CLANG_WARN_STRICT_PROTOTYPES = YES;
				CLANG_WARN_SUSPICIOUS_MOVE = YES;
				CLANG_WARN_UNREACHABLE_CODE = YES;
				CLANG_WARN__DUPLICATE_METHOD_MATCH = YES;
				COPY_PHASE_STRIP = NO;
				CURRENT_PROJECT_VERSION = 1;
				DEBUG_INFORMATION_FORMAT = "dwarf-with-dsym";
				DEVELOPMENT_TEAM = GSGGFU6A2H;
				ENABLE_NS_ASSERTIONS = NO;
				ENABLE_STRICT_OBJC_MSGSEND = YES;
				GCC_C_LANGUAGE_STANDARD = gnu99;
				GCC_NO_COMMON_BLOCKS = YES;
				GCC_WARN_64_TO_32_BIT_CONVERSION = YES;
				GCC_WARN_ABOUT_RETURN_TYPE = YES_ERROR;
				GCC_WARN_UNDECLARED_SELECTOR = YES;
				GCC_WARN_UNINITIALIZED_AUTOS = YES_AGGRESSIVE;
				GCC_WARN_UNUSED_FUNCTION = YES;
				GCC_WARN_UNUSED_VARIABLE = YES;
				MTL_ENABLE_DEBUG_INFO = NO;
				SDKROOT = iphoneos;
				SWIFT_OPTIMIZATION_LEVEL = "-Owholemodule";
				SWIFT_VERSION = 4.0;
				VALIDATE_PRODUCT = YES;
				VERSIONING_SYSTEM = "apple-generic";
				VERSION_INFO_PREFIX = "";
			};
			name = Release;
		};
		BF21184A1DF488DF00FF863D /* Debug */ = {
			isa = XCBuildConfiguration;
			baseConfigurationReference = BFE7A7551E64B89600F51068 /* Universal.xcconfig */;
			buildSettings = {
				CLANG_ENABLE_MODULES = YES;
				DEFINES_MODULE = YES;
				DYLIB_COMPATIBILITY_VERSION = 1;
				DYLIB_CURRENT_VERSION = 1;
				DYLIB_INSTALL_NAME_BASE = "@rpath";
				INFOPLIST_FILE = EventBus/Info.plist;
				INSTALL_PATH = "$(LOCAL_LIBRARY_DIR)/Frameworks";
				LD_RUNPATH_SEARCH_PATHS = "$(inherited) @executable_path/Frameworks @loader_path/Frameworks";
				PRODUCT_BUNDLE_IDENTIFIER = com.regexident.EventBus;
				PRODUCT_NAME = EventBus;
				SKIP_INSTALL = YES;
				SWIFT_OPTIMIZATION_LEVEL = "-Onone";
			};
			name = Debug;
		};
		BF21184B1DF488DF00FF863D /* Release */ = {
			isa = XCBuildConfiguration;
			baseConfigurationReference = BFE7A7551E64B89600F51068 /* Universal.xcconfig */;
			buildSettings = {
				CLANG_ENABLE_MODULES = YES;
				DEFINES_MODULE = YES;
				DYLIB_COMPATIBILITY_VERSION = 1;
				DYLIB_CURRENT_VERSION = 1;
				DYLIB_INSTALL_NAME_BASE = "@rpath";
				INFOPLIST_FILE = EventBus/Info.plist;
				INSTALL_PATH = "$(LOCAL_LIBRARY_DIR)/Frameworks";
				LD_RUNPATH_SEARCH_PATHS = "$(inherited) @executable_path/Frameworks @loader_path/Frameworks";
				PRODUCT_BUNDLE_IDENTIFIER = com.regexident.EventBus;
				PRODUCT_NAME = EventBus;
				SKIP_INSTALL = YES;
			};
			name = Release;
		};
		BF21184D1DF488DF00FF863D /* Debug */ = {
			isa = XCBuildConfiguration;
			buildSettings = {
				ALWAYS_EMBED_SWIFT_STANDARD_LIBRARIES = YES;
				INFOPLIST_FILE = EventBusTests/Info.plist;
				LD_RUNPATH_SEARCH_PATHS = "$(inherited) @executable_path/Frameworks @loader_path/Frameworks";
				PRODUCT_BUNDLE_IDENTIFIER = com.regexident.EventBusTests;
				PRODUCT_NAME = "$(TARGET_NAME)";
			};
			name = Debug;
		};
		BF21184E1DF488DF00FF863D /* Release */ = {
			isa = XCBuildConfiguration;
			buildSettings = {
				ALWAYS_EMBED_SWIFT_STANDARD_LIBRARIES = YES;
				INFOPLIST_FILE = EventBusTests/Info.plist;
				LD_RUNPATH_SEARCH_PATHS = "$(inherited) @executable_path/Frameworks @loader_path/Frameworks";
				PRODUCT_BUNDLE_IDENTIFIER = com.regexident.EventBusTests;
				PRODUCT_NAME = "$(TARGET_NAME)";
			};
			name = Release;
		};
		BF2118641DF5772800FF863D /* Debug */ = {
			isa = XCBuildConfiguration;
			buildSettings = {
				ALWAYS_EMBED_SWIFT_STANDARD_LIBRARIES = YES;
				ASSETCATALOG_COMPILER_APPICON_NAME = AppIcon;
				"CODE_SIGN_IDENTITY[sdk=iphoneos*]" = "iPhone Developer";
				INFOPLIST_FILE = "EventBus iOS/Info.plist";
				IPHONEOS_DEPLOYMENT_TARGET = 10.0;
				LD_RUNPATH_SEARCH_PATHS = "$(inherited) @executable_path/Frameworks";
				PRODUCT_BUNDLE_IDENTIFIER = "com.regexident.EventBus-iOS";
				PRODUCT_NAME = "$(TARGET_NAME)";
			};
			name = Debug;
		};
		BF2118651DF5772800FF863D /* Release */ = {
			isa = XCBuildConfiguration;
			buildSettings = {
				ALWAYS_EMBED_SWIFT_STANDARD_LIBRARIES = YES;
				ASSETCATALOG_COMPILER_APPICON_NAME = AppIcon;
				"CODE_SIGN_IDENTITY[sdk=iphoneos*]" = "iPhone Developer";
				INFOPLIST_FILE = "EventBus iOS/Info.plist";
				IPHONEOS_DEPLOYMENT_TARGET = 10.0;
				LD_RUNPATH_SEARCH_PATHS = "$(inherited) @executable_path/Frameworks";
				PRODUCT_BUNDLE_IDENTIFIER = "com.regexident.EventBus-iOS";
				PRODUCT_NAME = "$(TARGET_NAME)";
			};
			name = Release;
		};
		BF4B82441F41ACC1009A317D /* Debug */ = {
			isa = XCBuildConfiguration;
			baseConfigurationReference = BFE7A7551E64B89600F51068 /* Universal.xcconfig */;
			buildSettings = {
				CLANG_ANALYZER_NUMBER_OBJECT_CONVERSION = YES_AGGRESSIVE;
				CLANG_CXX_LANGUAGE_STANDARD = "gnu++14";
				CLANG_WARN_UNGUARDED_AVAILABILITY = YES_AGGRESSIVE;
				GCC_C_LANGUAGE_STANDARD = gnu11;
				OTHER_LDFLAGS = "-ObjC";
				PRODUCT_NAME = EventBus;
				SKIP_INSTALL = YES;
			};
			name = Debug;
		};
		BF4B82451F41ACC1009A317D /* Release */ = {
			isa = XCBuildConfiguration;
			baseConfigurationReference = BFE7A7551E64B89600F51068 /* Universal.xcconfig */;
			buildSettings = {
				CLANG_ANALYZER_NUMBER_OBJECT_CONVERSION = YES_AGGRESSIVE;
				CLANG_CXX_LANGUAGE_STANDARD = "gnu++14";
				CLANG_WARN_UNGUARDED_AVAILABILITY = YES_AGGRESSIVE;
				GCC_C_LANGUAGE_STANDARD = gnu11;
				OTHER_LDFLAGS = "-ObjC";
				PRODUCT_NAME = EventBus;
				SKIP_INSTALL = YES;
			};
			name = Release;
		};
/* End XCBuildConfiguration section */

/* Begin XCConfigurationList section */
		BF21182F1DF488DF00FF863D /* Build configuration list for PBXProject "EventBus" */ = {
			isa = XCConfigurationList;
			buildConfigurations = (
				BF2118471DF488DF00FF863D /* Debug */,
				BF2118481DF488DF00FF863D /* Release */,
			);
			defaultConfigurationIsVisible = 0;
			defaultConfigurationName = Release;
		};
		BF2118491DF488DF00FF863D /* Build configuration list for PBXNativeTarget "EventBus (Framework)" */ = {
			isa = XCConfigurationList;
			buildConfigurations = (
				BF21184A1DF488DF00FF863D /* Debug */,
				BF21184B1DF488DF00FF863D /* Release */,
			);
			defaultConfigurationIsVisible = 0;
			defaultConfigurationName = Release;
		};
		BF21184C1DF488DF00FF863D /* Build configuration list for PBXNativeTarget "EventBusTests" */ = {
			isa = XCConfigurationList;
			buildConfigurations = (
				BF21184D1DF488DF00FF863D /* Debug */,
				BF21184E1DF488DF00FF863D /* Release */,
			);
			defaultConfigurationIsVisible = 0;
			defaultConfigurationName = Release;
		};
		BF2118661DF5772800FF863D /* Build configuration list for PBXNativeTarget "EventBus iOS" */ = {
			isa = XCConfigurationList;
			buildConfigurations = (
				BF2118641DF5772800FF863D /* Debug */,
				BF2118651DF5772800FF863D /* Release */,
			);
			defaultConfigurationIsVisible = 0;
			defaultConfigurationName = Release;
		};
		BF4B82461F41ACC1009A317D /* Build configuration list for PBXNativeTarget "EventBus (Static Library)" */ = {
			isa = XCConfigurationList;
			buildConfigurations = (
				BF4B82441F41ACC1009A317D /* Debug */,
				BF4B82451F41ACC1009A317D /* Release */,
			);
			defaultConfigurationIsVisible = 0;
			defaultConfigurationName = Release;
		};
/* End XCConfigurationList section */
	};
	rootObject = BF21182C1DF488DF00FF863D /* Project object */;
}
